
Microsoft Visual Studio Solution File, Format Version 12.00
# Visual Studio Version 17
VisualStudioVersion = 17.0.32112.339
MinimumVisualStudioVersion = 10.0.40219.1
Project("{FAE04EC0-301F-11D3-BF4B-00C04F79EFBC}") = "ProjectAssignments", "ProjectAssignments.csproj", "{B27424A7-D9D0-402D-A569-ABE141701073}"
EndProject
Global
	GlobalSection(SolutionConfigurationPlatforms) = preSolution
		Debug|Any CPU = Debug|Any CPU
		Release|Any CPU = Release|Any CPU
	EndGlobalSection
	GlobalSection(ProjectConfigurationPlatforms) = postSolution
		{B27424A7-D9D0-402D-A569-ABE141701073}.Debug|Any CPU.ActiveCfg = Debug|Any CPU
		{B27424A7-D9D0-402D-A569-ABE141701073}.Debug|Any CPU.Build.0 = Debug|Any CPU
		{B27424A7-D9D0-402D-A569-ABE141701073}.Release|Any CPU.ActiveCfg = Release|Any CPU
		{B27424A7-D9D0-402D-A569-ABE141701073}.Release|Any CPU.Build.0 = Release|Any CPU
	EndGlobalSection
	GlobalSection(SolutionProperties) = preSolution
		HideSolutionNode = FALSE
	EndGlobalSection
	GlobalSection(ExtensibilityGlobals) = postSolution
		SolutionGuid = {F949764C-D333-4ABE-A58D-F206F9129728}
	EndGlobalSection
EndGlobal
